
Microsoft Visual Studio Solution File, Format Version 11.00
# Visual Studio 2010
Project("{FAE04EC0-301F-11D3-BF4B-00C04F79EFBC}") = "EmotionMonitor", "projects\emotion_monitor\EmotionMonitor.csproj", "{3573D39E-8893-4774-BECA-959A13E7E32C}"
EndProject
Project("{FAE04EC0-301F-11D3-BF4B-00C04F79EFBC}") = "SensorLib.Base", "projects\sensor_lib\SensorLib.Base\SensorLib.Base.csproj", "{FD4C84FB-ECA4-462D-BB34-7D652B5E18F1}"
EndProject
Project("{FAE04EC0-301F-11D3-BF4B-00C04F79EFBC}") = "SensorLib.ThoughtTechnologies", "projects\sensor_lib\SensorLib.ThoughtTechnologies\SensorLib.ThoughtTechnologies.csproj", "{A9D740CA-11B0-47EE-AEC5-298FD0C57584}"
EndProject
Project("{FAE04EC0-301F-11D3-BF4B-00C04F79EFBC}") = "SpPerfChart", "projects\sp_perf_chart\SpPerfChart.csproj", "{F2FF6C46-A791-4CAE-AB46-BD1A37F3FCD7}"
EndProject
Project("{FAE04EC0-301F-11D3-BF4B-00C04F79EFBC}") = "EmotionProvider", "projects\emotion_provider\EmotionProvider.csproj", "{2E27E6A0-3BEB-488A-BA2F-FCDDD54768DC}"
EndProject
Project("{FAE04EC0-301F-11D3-BF4B-00C04F79EFBC}") = "EmotionalAwareMinigames", "projects\emotion_game\Minigames\Minigames\EmotionalAwareMinigames.csproj", "{281C6226-CE26-4125-9911-9195FD4C1978}"
EndProject
Project("{FAE04EC0-301F-11D3-BF4B-00C04F79EFBC}") = "MinigamesContent", "projects\emotion_game\Minigames\MinigamesContent\MinigamesContent.contentproj", "{D247D2D2-15B4-4770-B93C-75DDEE6C0DCA}"
EndProject
Project("{FAE04EC0-301F-11D3-BF4B-00C04F79EFBC}") = "MinigamesLibrary", "projects\emotion_game\MinigamesLibrary\MinigamesLibrary.csproj", "{9311AD8B-9D57-424E-A45C-D48BFA633C49}"
EndProject
Project("{8BC9CEB8-8B4A-11D0-8D11-00A0C91BC942}") = "EmotionProviderProxy", "projects\emotion_provider_proxy\EmotionProviderProxy.vcxproj", "{BAC4CB87-6A05-4B0B-9137-A15187413DB9}"
EndProject
Project("{8BC9CEB8-8B4A-11D0-8D11-00A0C91BC942}") = "testproj", "projects\testproj\testproj.vcxproj", "{BB2E1EAE-5CCB-4E10-90C5-277DB7090E66}"
EndProject
Global
	GlobalSection(SolutionConfigurationPlatforms) = preSolution
		Debug|Any CPU = Debug|Any CPU
		Debug|Mixed Platforms = Debug|Mixed Platforms
		Debug|Win32 = Debug|Win32
		Debug|x64 = Debug|x64
		Debug|x86 = Debug|x86
		Release|Any CPU = Release|Any CPU
		Release|Mixed Platforms = Release|Mixed Platforms
		Release|Win32 = Release|Win32
		Release|x64 = Release|x64
		Release|x86 = Release|x86
	EndGlobalSection
	GlobalSection(ProjectConfigurationPlatforms) = postSolution
		{3573D39E-8893-4774-BECA-959A13E7E32C}.Debug|Any CPU.ActiveCfg = Debug|x86
		{3573D39E-8893-4774-BECA-959A13E7E32C}.Debug|Mixed Platforms.ActiveCfg = Debug|x86
		{3573D39E-8893-4774-BECA-959A13E7E32C}.Debug|Mixed Platforms.Build.0 = Debug|x86
		{3573D39E-8893-4774-BECA-959A13E7E32C}.Debug|Win32.ActiveCfg = Debug|x86
		{3573D39E-8893-4774-BECA-959A13E7E32C}.Debug|x64.ActiveCfg = Debug|x86
		{3573D39E-8893-4774-BECA-959A13E7E32C}.Debug|x86.ActiveCfg = Debug|x86
		{3573D39E-8893-4774-BECA-959A13E7E32C}.Debug|x86.Build.0 = Debug|x86
		{3573D39E-8893-4774-BECA-959A13E7E32C}.Release|Any CPU.ActiveCfg = Release|x86
		{3573D39E-8893-4774-BECA-959A13E7E32C}.Release|Mixed Platforms.ActiveCfg = Release|x86
		{3573D39E-8893-4774-BECA-959A13E7E32C}.Release|Mixed Platforms.Build.0 = Release|x86
		{3573D39E-8893-4774-BECA-959A13E7E32C}.Release|Win32.ActiveCfg = Release|x86
		{3573D39E-8893-4774-BECA-959A13E7E32C}.Release|x64.ActiveCfg = Release|x86
		{3573D39E-8893-4774-BECA-959A13E7E32C}.Release|x86.ActiveCfg = Release|x86
		{3573D39E-8893-4774-BECA-959A13E7E32C}.Release|x86.Build.0 = Release|x86
		{FD4C84FB-ECA4-462D-BB34-7D652B5E18F1}.Debug|Any CPU.ActiveCfg = Debug|Any CPU
		{FD4C84FB-ECA4-462D-BB34-7D652B5E18F1}.Debug|Any CPU.Build.0 = Debug|Any CPU
		{FD4C84FB-ECA4-462D-BB34-7D652B5E18F1}.Debug|Mixed Platforms.ActiveCfg = Debug|Any CPU
		{FD4C84FB-ECA4-462D-BB34-7D652B5E18F1}.Debug|Mixed Platforms.Build.0 = Debug|Any CPU
		{FD4C84FB-ECA4-462D-BB34-7D652B5E18F1}.Debug|Win32.ActiveCfg = Debug|Any CPU
		{FD4C84FB-ECA4-462D-BB34-7D652B5E18F1}.Debug|x64.ActiveCfg = Debug|Any CPU
		{FD4C84FB-ECA4-462D-BB34-7D652B5E18F1}.Debug|x86.ActiveCfg = Debug|Any CPU
		{FD4C84FB-ECA4-462D-BB34-7D652B5E18F1}.Release|Any CPU.ActiveCfg = Release|Any CPU
		{FD4C84FB-ECA4-462D-BB34-7D652B5E18F1}.Release|Any CPU.Build.0 = Release|Any CPU
		{FD4C84FB-ECA4-462D-BB34-7D652B5E18F1}.Release|Mixed Platforms.ActiveCfg = Release|Any CPU
		{FD4C84FB-ECA4-462D-BB34-7D652B5E18F1}.Release|Mixed Platforms.Build.0 = Release|Any CPU
		{FD4C84FB-ECA4-462D-BB34-7D652B5E18F1}.Release|Win32.ActiveCfg = Release|Any CPU
		{FD4C84FB-ECA4-462D-BB34-7D652B5E18F1}.Release|x64.ActiveCfg = Release|Any CPU
		{FD4C84FB-ECA4-462D-BB34-7D652B5E18F1}.Release|x86.ActiveCfg = Release|Any CPU
		{A9D740CA-11B0-47EE-AEC5-298FD0C57584}.Debug|Any CPU.ActiveCfg = Debug|Any CPU
		{A9D740CA-11B0-47EE-AEC5-298FD0C57584}.Debug|Any CPU.Build.0 = Debug|Any CPU
		{A9D740CA-11B0-47EE-AEC5-298FD0C57584}.Debug|Mixed Platforms.ActiveCfg = Debug|Any CPU
		{A9D740CA-11B0-47EE-AEC5-298FD0C57584}.Debug|Mixed Platforms.Build.0 = Debug|Any CPU
		{A9D740CA-11B0-47EE-AEC5-298FD0C57584}.Debug|Win32.ActiveCfg = Debug|Any CPU
		{A9D740CA-11B0-47EE-AEC5-298FD0C57584}.Debug|x64.ActiveCfg = Debug|Any CPU
		{A9D740CA-11B0-47EE-AEC5-298FD0C57584}.Debug|x86.ActiveCfg = Debug|Any CPU
		{A9D740CA-11B0-47EE-AEC5-298FD0C57584}.Release|Any CPU.ActiveCfg = Release|Any CPU
		{A9D740CA-11B0-47EE-AEC5-298FD0C57584}.Release|Any CPU.Build.0 = Release|Any CPU
		{A9D740CA-11B0-47EE-AEC5-298FD0C57584}.Release|Mixed Platforms.ActiveCfg = Release|Any CPU
		{A9D740CA-11B0-47EE-AEC5-298FD0C57584}.Release|Mixed Platforms.Build.0 = Release|Any CPU
		{A9D740CA-11B0-47EE-AEC5-298FD0C57584}.Release|Win32.ActiveCfg = Release|Any CPU
		{A9D740CA-11B0-47EE-AEC5-298FD0C57584}.Release|x64.ActiveCfg = Release|Any CPU
		{A9D740CA-11B0-47EE-AEC5-298FD0C57584}.Release|x86.ActiveCfg = Release|Any CPU
		{F2FF6C46-A791-4CAE-AB46-BD1A37F3FCD7}.Debug|Any CPU.ActiveCfg = Debug|Any CPU
		{F2FF6C46-A791-4CAE-AB46-BD1A37F3FCD7}.Debug|Any CPU.Build.0 = Debug|Any CPU
		{F2FF6C46-A791-4CAE-AB46-BD1A37F3FCD7}.Debug|Mixed Platforms.ActiveCfg = Debug|Any CPU
		{F2FF6C46-A791-4CAE-AB46-BD1A37F3FCD7}.Debug|Mixed Platforms.Build.0 = Debug|Any CPU
		{F2FF6C46-A791-4CAE-AB46-BD1A37F3FCD7}.Debug|Win32.ActiveCfg = Debug|Any CPU
		{F2FF6C46-A791-4CAE-AB46-BD1A37F3FCD7}.Debug|x64.ActiveCfg = Debug|Any CPU
		{F2FF6C46-A791-4CAE-AB46-BD1A37F3FCD7}.Debug|x86.ActiveCfg = Debug|Any CPU
		{F2FF6C46-A791-4CAE-AB46-BD1A37F3FCD7}.Release|Any CPU.ActiveCfg = Release|Any CPU
		{F2FF6C46-A791-4CAE-AB46-BD1A37F3FCD7}.Release|Any CPU.Build.0 = Release|Any CPU
		{F2FF6C46-A791-4CAE-AB46-BD1A37F3FCD7}.Release|Mixed Platforms.ActiveCfg = Release|Any CPU
		{F2FF6C46-A791-4CAE-AB46-BD1A37F3FCD7}.Release|Mixed Platforms.Build.0 = Release|Any CPU
		{F2FF6C46-A791-4CAE-AB46-BD1A37F3FCD7}.Release|Win32.ActiveCfg = Release|Any CPU
		{F2FF6C46-A791-4CAE-AB46-BD1A37F3FCD7}.Release|x64.ActiveCfg = Release|Any CPU
		{F2FF6C46-A791-4CAE-AB46-BD1A37F3FCD7}.Release|x86.ActiveCfg = Release|Any CPU
		{2E27E6A0-3BEB-488A-BA2F-FCDDD54768DC}.Debug|Any CPU.ActiveCfg = Debug|Any CPU
		{2E27E6A0-3BEB-488A-BA2F-FCDDD54768DC}.Debug|Any CPU.Build.0 = Debug|Any CPU
		{2E27E6A0-3BEB-488A-BA2F-FCDDD54768DC}.Debug|Mixed Platforms.ActiveCfg = Debug|Any CPU
		{2E27E6A0-3BEB-488A-BA2F-FCDDD54768DC}.Debug|Mixed Platforms.Build.0 = Debug|Any CPU
		{2E27E6A0-3BEB-488A-BA2F-FCDDD54768DC}.Debug|Win32.ActiveCfg = Debug|Any CPU
		{2E27E6A0-3BEB-488A-BA2F-FCDDD54768DC}.Debug|x64.ActiveCfg = Debug|Any CPU
		{2E27E6A0-3BEB-488A-BA2F-FCDDD54768DC}.Debug|x86.ActiveCfg = Debug|Any CPU
		{2E27E6A0-3BEB-488A-BA2F-FCDDD54768DC}.Release|Any CPU.ActiveCfg = Release|Any CPU
		{2E27E6A0-3BEB-488A-BA2F-FCDDD54768DC}.Release|Any CPU.Build.0 = Release|Any CPU
		{2E27E6A0-3BEB-488A-BA2F-FCDDD54768DC}.Release|Mixed Platforms.ActiveCfg = Release|Any CPU
		{2E27E6A0-3BEB-488A-BA2F-FCDDD54768DC}.Release|Mixed Platforms.Build.0 = Release|Any CPU
		{2E27E6A0-3BEB-488A-BA2F-FCDDD54768DC}.Release|Win32.ActiveCfg = Release|Any CPU
		{2E27E6A0-3BEB-488A-BA2F-FCDDD54768DC}.Release|x64.ActiveCfg = Release|Any CPU
		{2E27E6A0-3BEB-488A-BA2F-FCDDD54768DC}.Release|x86.ActiveCfg = Release|Any CPU
		{281C6226-CE26-4125-9911-9195FD4C1978}.Debug|Any CPU.ActiveCfg = Debug|x86
		{281C6226-CE26-4125-9911-9195FD4C1978}.Debug|Mixed Platforms.ActiveCfg = Debug|x86
		{281C6226-CE26-4125-9911-9195FD4C1978}.Debug|Mixed Platforms.Build.0 = Debug|x86
		{281C6226-CE26-4125-9911-9195FD4C1978}.Debug|Win32.ActiveCfg = Debug|x86
		{281C6226-CE26-4125-9911-9195FD4C1978}.Debug|x64.ActiveCfg = Debug|x86
		{281C6226-CE26-4125-9911-9195FD4C1978}.Debug|x86.ActiveCfg = Debug|x86
		{281C6226-CE26-4125-9911-9195FD4C1978}.Debug|x86.Build.0 = Debug|x86
		{281C6226-CE26-4125-9911-9195FD4C1978}.Release|Any CPU.ActiveCfg = Release|x86
		{281C6226-CE26-4125-9911-9195FD4C1978}.Release|Mixed Platforms.ActiveCfg = Release|x86
		{281C6226-CE26-4125-9911-9195FD4C1978}.Release|Mixed Platforms.Build.0 = Release|x86
		{281C6226-CE26-4125-9911-9195FD4C1978}.Release|Win32.ActiveCfg = Release|x86
		{281C6226-CE26-4125-9911-9195FD4C1978}.Release|x64.ActiveCfg = Release|x86
		{281C6226-CE26-4125-9911-9195FD4C1978}.Release|x86.ActiveCfg = Release|x86
		{281C6226-CE26-4125-9911-9195FD4C1978}.Release|x86.Build.0 = Release|x86
		{D247D2D2-15B4-4770-B93C-75DDEE6C0DCA}.Debug|Any CPU.ActiveCfg = Debug|x86
		{D247D2D2-15B4-4770-B93C-75DDEE6C0DCA}.Debug|Mixed Platforms.ActiveCfg = Debug|x86
		{D247D2D2-15B4-4770-B93C-75DDEE6C0DCA}.Debug|Win32.ActiveCfg = Debug|x86
		{D247D2D2-15B4-4770-B93C-75DDEE6C0DCA}.Debug|x64.ActiveCfg = Debug|x86
		{D247D2D2-15B4-4770-B93C-75DDEE6C0DCA}.Debug|x86.ActiveCfg = Debug|x86
		{D247D2D2-15B4-4770-B93C-75DDEE6C0DCA}.Release|Any CPU.ActiveCfg = Release|x86
		{D247D2D2-15B4-4770-B93C-75DDEE6C0DCA}.Release|Mixed Platforms.ActiveCfg = Release|x86
		{D247D2D2-15B4-4770-B93C-75DDEE6C0DCA}.Release|Win32.ActiveCfg = Release|x86
		{D247D2D2-15B4-4770-B93C-75DDEE6C0DCA}.Release|x64.ActiveCfg = Release|x86
		{D247D2D2-15B4-4770-B93C-75DDEE6C0DCA}.Release|x86.ActiveCfg = Release|x86
		{9311AD8B-9D57-424E-A45C-D48BFA633C49}.Debug|Any CPU.ActiveCfg = Debug|x86
		{9311AD8B-9D57-424E-A45C-D48BFA633C49}.Debug|Mixed Platforms.ActiveCfg = Debug|x86
		{9311AD8B-9D57-424E-A45C-D48BFA633C49}.Debug|Mixed Platforms.Build.0 = Debug|x86
		{9311AD8B-9D57-424E-A45C-D48BFA633C49}.Debug|Win32.ActiveCfg = Debug|x86
		{9311AD8B-9D57-424E-A45C-D48BFA633C49}.Debug|x64.ActiveCfg = Debug|x86
		{9311AD8B-9D57-424E-A45C-D48BFA633C49}.Debug|x86.ActiveCfg = Debug|x86
		{9311AD8B-9D57-424E-A45C-D48BFA633C49}.Debug|x86.Build.0 = Debug|x86
		{9311AD8B-9D57-424E-A45C-D48BFA633C49}.Release|Any CPU.ActiveCfg = Release|x86
		{9311AD8B-9D57-424E-A45C-D48BFA633C49}.Release|Mixed Platforms.ActiveCfg = Release|x86
		{9311AD8B-9D57-424E-A45C-D48BFA633C49}.Release|Mixed Platforms.Build.0 = Release|x86
		{9311AD8B-9D57-424E-A45C-D48BFA633C49}.Release|Win32.ActiveCfg = Release|x86
		{9311AD8B-9D57-424E-A45C-D48BFA633C49}.Release|x64.ActiveCfg = Release|x86
		{9311AD8B-9D57-424E-A45C-D48BFA633C49}.Release|x86.ActiveCfg = Release|x86
		{9311AD8B-9D57-424E-A45C-D48BFA633C49}.Release|x86.Build.0 = Release|x86
		{BAC4CB87-6A05-4B0B-9137-A15187413DB9}.Debug|Any CPU.ActiveCfg = Debug|Win32
		{BAC4CB87-6A05-4B0B-9137-A15187413DB9}.Debug|Mixed Platforms.ActiveCfg = Debug|Win32
		{BAC4CB87-6A05-4B0B-9137-A15187413DB9}.Debug|Mixed Platforms.Build.0 = Debug|Win32
		{BAC4CB87-6A05-4B0B-9137-A15187413DB9}.Debug|Win32.ActiveCfg = Debug|Win32
		{BAC4CB87-6A05-4B0B-9137-A15187413DB9}.Debug|Win32.Build.0 = Debug|Win32
		{BAC4CB87-6A05-4B0B-9137-A15187413DB9}.Debug|x64.ActiveCfg = Debug|Win32
		{BAC4CB87-6A05-4B0B-9137-A15187413DB9}.Debug|x86.ActiveCfg = Debug|Win32
		{BAC4CB87-6A05-4B0B-9137-A15187413DB9}.Release|Any CPU.ActiveCfg = Release|Win32
		{BAC4CB87-6A05-4B0B-9137-A15187413DB9}.Release|Mixed Platforms.ActiveCfg = Release|Win32
		{BAC4CB87-6A05-4B0B-9137-A15187413DB9}.Release|Mixed Platforms.Build.0 = Release|Win32
		{BAC4CB87-6A05-4B0B-9137-A15187413DB9}.Release|Win32.ActiveCfg = Release|Win32
		{BAC4CB87-6A05-4B0B-9137-A15187413DB9}.Release|Win32.Build.0 = Release|Win32
		{BAC4CB87-6A05-4B0B-9137-A15187413DB9}.Release|x64.ActiveCfg = Release|Win32
		{BAC4CB87-6A05-4B0B-9137-A15187413DB9}.Release|x86.ActiveCfg = Release|Win32
		{BB2E1EAE-5CCB-4E10-90C5-277DB7090E66}.Debug|Any CPU.ActiveCfg = Debug|Win32
		{BB2E1EAE-5CCB-4E10-90C5-277DB7090E66}.Debug|Mixed Platforms.ActiveCfg = Debug|Win32
		{BB2E1EAE-5CCB-4E10-90C5-277DB7090E66}.Debug|Mixed Platforms.Build.0 = Debug|Win32
		{BB2E1EAE-5CCB-4E10-90C5-277DB7090E66}.Debug|Win32.ActiveCfg = Debug|Win32
		{BB2E1EAE-5CCB-4E10-90C5-277DB7090E66}.Debug|Win32.Build.0 = Debug|Win32
		{BB2E1EAE-5CCB-4E10-90C5-277DB7090E66}.Debug|x64.ActiveCfg = Debug|Win32
		{BB2E1EAE-5CCB-4E10-90C5-277DB7090E66}.Debug|x86.ActiveCfg = Debug|Win32
		{BB2E1EAE-5CCB-4E10-90C5-277DB7090E66}.Release|Any CPU.ActiveCfg = Release|Win32
		{BB2E1EAE-5CCB-4E10-90C5-277DB7090E66}.Release|Mixed Platforms.ActiveCfg = Release|Win32
		{BB2E1EAE-5CCB-4E10-90C5-277DB7090E66}.Release|Mixed Platforms.Build.0 = Release|Win32
		{BB2E1EAE-5CCB-4E10-90C5-277DB7090E66}.Release|Win32.ActiveCfg = Release|Win32
		{BB2E1EAE-5CCB-4E10-90C5-277DB7090E66}.Release|Win32.Build.0 = Release|Win32
		{BB2E1EAE-5CCB-4E10-90C5-277DB7090E66}.Release|x64.ActiveCfg = Release|Win32
		{BB2E1EAE-5CCB-4E10-90C5-277DB7090E66}.Release|x86.ActiveCfg = Release|Win32
	EndGlobalSection
	GlobalSection(SolutionProperties) = preSolution
		HideSolutionNode = FALSE
	EndGlobalSection
EndGlobal
