
Microsoft Visual Studio Solution File, Format Version 9.00
# Visual Studio 2005
Project("{FAE04EC0-301F-11D3-BF4B-00C04F79EFBC}") = "CS2005TTLLiveDemo", "CS2005TTLLiveDemo\CS2005TTLLiveDemo.csproj", "{A0ACF124-64FB-4189-BD92-BDC0D4ABFF66}"
EndProject
Global
	GlobalSection(SolutionConfigurationPlatforms) = preSolution
		Debug|Any CPU = Debug|Any CPU
		Release|Any CPU = Release|Any CPU
	EndGlobalSection
	GlobalSection(ProjectConfigurationPlatforms) = postSolution
		{A0ACF124-64FB-4189-BD92-BDC0D4ABFF66}.Debug|Any CPU.ActiveCfg = Debug|Any CPU
		{A0ACF124-64FB-4189-BD92-BDC0D4ABFF66}.Debug|Any CPU.Build.0 = Debug|Any CPU
		{A0ACF124-64FB-4189-BD92-BDC0D4ABFF66}.Release|Any CPU.ActiveCfg = Release|Any CPU
		{A0ACF124-64FB-4189-BD92-BDC0D4ABFF66}.Release|Any CPU.Build.0 = Release|Any CPU
	EndGlobalSection
	GlobalSection(SolutionProperties) = preSolution
		HideSolutionNode = FALSE
	EndGlobalSection
EndGlobal
