
Microsoft Visual Studio Solution File, Format Version 11.00
# Visual Studio 2010
Project("{FAE04EC0-301F-11D3-BF4B-00C04F79EFBC}") = "SensorLibTesting", "SensorLibTesting\SensorLibTesting.csproj", "{B373EA8E-CC49-434F-97A1-71EF37C6648A}"
EndProject
Project("{FAE04EC0-301F-11D3-BF4B-00C04F79EFBC}") = "SensorLib.Base", "..\SensorLib\SensorLib.Base\SensorLib.Base.csproj", "{FD4C84FB-ECA4-462D-BB34-7D652B5E18F1}"
EndProject
Project("{FAE04EC0-301F-11D3-BF4B-00C04F79EFBC}") = "SensorLib.Mindset", "..\SensorLib\SensorLib.Mindset\SensorLib.Mindset.csproj", "{6F70D759-D90A-45C0-880E-1E15118C6C8D}"
EndProject
Project("{FAE04EC0-301F-11D3-BF4B-00C04F79EFBC}") = "SensorLib.ThoughtTechnologies", "..\SensorLib\SensorLib.ThoughtTechnologies\SensorLib.ThoughtTechnologies.csproj", "{A9D740CA-11B0-47EE-AEC5-298FD0C57584}"
EndProject
Project("{FAE04EC0-301F-11D3-BF4B-00C04F79EFBC}") = "SensorLib.Tobii", "..\SensorLib\SensorLib.Tobii\SensorLib.Tobii.csproj", "{5269D438-F3A9-46D5-B980-70A95AD348AB}"
EndProject
Project("{FAE04EC0-301F-11D3-BF4B-00C04F79EFBC}") = "SensorLib.Xna", "..\SensorLib\SensorLib.Xna\SensorLib.Xna.csproj", "{DCA5D1FC-5DFE-4105-BD0A-C56E6BD5DB9A}"
EndProject
Global
	GlobalSection(SolutionConfigurationPlatforms) = preSolution
		Debug|Any CPU = Debug|Any CPU
		Debug|Mixed Platforms = Debug|Mixed Platforms
		Debug|x86 = Debug|x86
		Release|Any CPU = Release|Any CPU
		Release|Mixed Platforms = Release|Mixed Platforms
		Release|x86 = Release|x86
	EndGlobalSection
	GlobalSection(ProjectConfigurationPlatforms) = postSolution
		{B373EA8E-CC49-434F-97A1-71EF37C6648A}.Debug|Any CPU.ActiveCfg = Debug|x86
		{B373EA8E-CC49-434F-97A1-71EF37C6648A}.Debug|Mixed Platforms.ActiveCfg = Debug|x86
		{B373EA8E-CC49-434F-97A1-71EF37C6648A}.Debug|Mixed Platforms.Build.0 = Debug|x86
		{B373EA8E-CC49-434F-97A1-71EF37C6648A}.Debug|x86.ActiveCfg = Debug|x86
		{B373EA8E-CC49-434F-97A1-71EF37C6648A}.Debug|x86.Build.0 = Debug|x86
		{B373EA8E-CC49-434F-97A1-71EF37C6648A}.Release|Any CPU.ActiveCfg = Release|x86
		{B373EA8E-CC49-434F-97A1-71EF37C6648A}.Release|Mixed Platforms.ActiveCfg = Release|x86
		{B373EA8E-CC49-434F-97A1-71EF37C6648A}.Release|Mixed Platforms.Build.0 = Release|x86
		{B373EA8E-CC49-434F-97A1-71EF37C6648A}.Release|x86.ActiveCfg = Release|x86
		{B373EA8E-CC49-434F-97A1-71EF37C6648A}.Release|x86.Build.0 = Release|x86
		{FD4C84FB-ECA4-462D-BB34-7D652B5E18F1}.Debug|Any CPU.ActiveCfg = Debug|Any CPU
		{FD4C84FB-ECA4-462D-BB34-7D652B5E18F1}.Debug|Any CPU.Build.0 = Debug|Any CPU
		{FD4C84FB-ECA4-462D-BB34-7D652B5E18F1}.Debug|Mixed Platforms.ActiveCfg = Debug|Any CPU
		{FD4C84FB-ECA4-462D-BB34-7D652B5E18F1}.Debug|Mixed Platforms.Build.0 = Debug|Any CPU
		{FD4C84FB-ECA4-462D-BB34-7D652B5E18F1}.Debug|x86.ActiveCfg = Debug|Any CPU
		{FD4C84FB-ECA4-462D-BB34-7D652B5E18F1}.Release|Any CPU.ActiveCfg = Release|Any CPU
		{FD4C84FB-ECA4-462D-BB34-7D652B5E18F1}.Release|Any CPU.Build.0 = Release|Any CPU
		{FD4C84FB-ECA4-462D-BB34-7D652B5E18F1}.Release|Mixed Platforms.ActiveCfg = Release|Any CPU
		{FD4C84FB-ECA4-462D-BB34-7D652B5E18F1}.Release|Mixed Platforms.Build.0 = Release|Any CPU
		{FD4C84FB-ECA4-462D-BB34-7D652B5E18F1}.Release|x86.ActiveCfg = Release|Any CPU
		{6F70D759-D90A-45C0-880E-1E15118C6C8D}.Debug|Any CPU.ActiveCfg = Debug|Any CPU
		{6F70D759-D90A-45C0-880E-1E15118C6C8D}.Debug|Any CPU.Build.0 = Debug|Any CPU
		{6F70D759-D90A-45C0-880E-1E15118C6C8D}.Debug|Mixed Platforms.ActiveCfg = Debug|Any CPU
		{6F70D759-D90A-45C0-880E-1E15118C6C8D}.Debug|Mixed Platforms.Build.0 = Debug|Any CPU
		{6F70D759-D90A-45C0-880E-1E15118C6C8D}.Debug|x86.ActiveCfg = Debug|Any CPU
		{6F70D759-D90A-45C0-880E-1E15118C6C8D}.Release|Any CPU.ActiveCfg = Release|Any CPU
		{6F70D759-D90A-45C0-880E-1E15118C6C8D}.Release|Any CPU.Build.0 = Release|Any CPU
		{6F70D759-D90A-45C0-880E-1E15118C6C8D}.Release|Mixed Platforms.ActiveCfg = Release|Any CPU
		{6F70D759-D90A-45C0-880E-1E15118C6C8D}.Release|Mixed Platforms.Build.0 = Release|Any CPU
		{6F70D759-D90A-45C0-880E-1E15118C6C8D}.Release|x86.ActiveCfg = Release|Any CPU
		{A9D740CA-11B0-47EE-AEC5-298FD0C57584}.Debug|Any CPU.ActiveCfg = Debug|Any CPU
		{A9D740CA-11B0-47EE-AEC5-298FD0C57584}.Debug|Any CPU.Build.0 = Debug|Any CPU
		{A9D740CA-11B0-47EE-AEC5-298FD0C57584}.Debug|Mixed Platforms.ActiveCfg = Debug|Any CPU
		{A9D740CA-11B0-47EE-AEC5-298FD0C57584}.Debug|Mixed Platforms.Build.0 = Debug|Any CPU
		{A9D740CA-11B0-47EE-AEC5-298FD0C57584}.Debug|x86.ActiveCfg = Debug|Any CPU
		{A9D740CA-11B0-47EE-AEC5-298FD0C57584}.Release|Any CPU.ActiveCfg = Release|Any CPU
		{A9D740CA-11B0-47EE-AEC5-298FD0C57584}.Release|Any CPU.Build.0 = Release|Any CPU
		{A9D740CA-11B0-47EE-AEC5-298FD0C57584}.Release|Mixed Platforms.ActiveCfg = Release|Any CPU
		{A9D740CA-11B0-47EE-AEC5-298FD0C57584}.Release|Mixed Platforms.Build.0 = Release|Any CPU
		{A9D740CA-11B0-47EE-AEC5-298FD0C57584}.Release|x86.ActiveCfg = Release|Any CPU
		{5269D438-F3A9-46D5-B980-70A95AD348AB}.Debug|Any CPU.ActiveCfg = Debug|Any CPU
		{5269D438-F3A9-46D5-B980-70A95AD348AB}.Debug|Any CPU.Build.0 = Debug|Any CPU
		{5269D438-F3A9-46D5-B980-70A95AD348AB}.Debug|Mixed Platforms.ActiveCfg = Debug|Any CPU
		{5269D438-F3A9-46D5-B980-70A95AD348AB}.Debug|Mixed Platforms.Build.0 = Debug|Any CPU
		{5269D438-F3A9-46D5-B980-70A95AD348AB}.Debug|x86.ActiveCfg = Debug|Any CPU
		{5269D438-F3A9-46D5-B980-70A95AD348AB}.Release|Any CPU.ActiveCfg = Release|Any CPU
		{5269D438-F3A9-46D5-B980-70A95AD348AB}.Release|Any CPU.Build.0 = Release|Any CPU
		{5269D438-F3A9-46D5-B980-70A95AD348AB}.Release|Mixed Platforms.ActiveCfg = Release|Any CPU
		{5269D438-F3A9-46D5-B980-70A95AD348AB}.Release|Mixed Platforms.Build.0 = Release|Any CPU
		{5269D438-F3A9-46D5-B980-70A95AD348AB}.Release|x86.ActiveCfg = Release|Any CPU
		{DCA5D1FC-5DFE-4105-BD0A-C56E6BD5DB9A}.Debug|Any CPU.ActiveCfg = Debug|Any CPU
		{DCA5D1FC-5DFE-4105-BD0A-C56E6BD5DB9A}.Debug|Any CPU.Build.0 = Debug|Any CPU
		{DCA5D1FC-5DFE-4105-BD0A-C56E6BD5DB9A}.Debug|Mixed Platforms.ActiveCfg = Debug|Any CPU
		{DCA5D1FC-5DFE-4105-BD0A-C56E6BD5DB9A}.Debug|Mixed Platforms.Build.0 = Debug|Any CPU
		{DCA5D1FC-5DFE-4105-BD0A-C56E6BD5DB9A}.Debug|x86.ActiveCfg = Debug|Any CPU
		{DCA5D1FC-5DFE-4105-BD0A-C56E6BD5DB9A}.Release|Any CPU.ActiveCfg = Release|Any CPU
		{DCA5D1FC-5DFE-4105-BD0A-C56E6BD5DB9A}.Release|Any CPU.Build.0 = Release|Any CPU
		{DCA5D1FC-5DFE-4105-BD0A-C56E6BD5DB9A}.Release|Mixed Platforms.ActiveCfg = Release|Any CPU
		{DCA5D1FC-5DFE-4105-BD0A-C56E6BD5DB9A}.Release|Mixed Platforms.Build.0 = Release|Any CPU
		{DCA5D1FC-5DFE-4105-BD0A-C56E6BD5DB9A}.Release|x86.ActiveCfg = Release|Any CPU
	EndGlobalSection
	GlobalSection(SolutionProperties) = preSolution
		HideSolutionNode = FALSE
	EndGlobalSection
EndGlobal
